
Microsoft Visual Studio Solution File, Format Version 12.00
# Visual Studio 2012
Project("{159641D6-6404-4A2A-AE62-294DE0FE8301}") = "SSIS-IQP-Tracker", "SSIS-IQP-Tracker\SSIS-IQP-Tracker.dtproj", "{3F01144E-2FD8-4844-B859-CFF6B11F1D67}"
EndProject
Global
	GlobalSection(SolutionConfigurationPlatforms) = preSolution
		Development|Default = Development|Default
	EndGlobalSection
	GlobalSection(ProjectConfigurationPlatforms) = postSolution
		{3F01144E-2FD8-4844-B859-CFF6B11F1D67}.Development|Default.ActiveCfg = Development
		{3F01144E-2FD8-4844-B859-CFF6B11F1D67}.Development|Default.Build.0 = Development
	EndGlobalSection
	GlobalSection(SolutionProperties) = preSolution
		HideSolutionNode = FALSE
	EndGlobalSection
EndGlobal
